
Microsoft Visual Studio Solution File, Format Version 12.00
# Visual Studio 15
VisualStudioVersion = 15.0.27703.2042
MinimumVisualStudioVersion = 10.0.40219.1
Project("{FAE04EC0-301F-11D3-BF4B-00C04F79EFBC}") = "fourCaculate", "fourCaculate\fourCaculate.csproj", "{F134B33A-4B05-40FA-82D1-71F700DA66A1}"
EndProject
Project("{FAE04EC0-301F-11D3-BF4B-00C04F79EFBC}") = "fourCaculateTest", "fourCaculateTest\fourCaculateTest.csproj", "{78E77425-E3EE-4729-BBF0-CADAE9EE86C6}"
EndProject
Global
	GlobalSection(SolutionConfigurationPlatforms) = preSolution
		Debug|Any CPU = Debug|Any CPU
		Release|Any CPU = Release|Any CPU
	EndGlobalSection
	GlobalSection(ProjectConfigurationPlatforms) = postSolution
		{F134B33A-4B05-40FA-82D1-71F700DA66A1}.Debug|Any CPU.ActiveCfg = Debug|Any CPU
		{F134B33A-4B05-40FA-82D1-71F700DA66A1}.Debug|Any CPU.Build.0 = Debug|Any CPU
		{F134B33A-4B05-40FA-82D1-71F700DA66A1}.Release|Any CPU.ActiveCfg = Release|Any CPU
		{F134B33A-4B05-40FA-82D1-71F700DA66A1}.Release|Any CPU.Build.0 = Release|Any CPU
		{78E77425-E3EE-4729-BBF0-CADAE9EE86C6}.Debug|Any CPU.ActiveCfg = Debug|Any CPU
		{78E77425-E3EE-4729-BBF0-CADAE9EE86C6}.Debug|Any CPU.Build.0 = Debug|Any CPU
		{78E77425-E3EE-4729-BBF0-CADAE9EE86C6}.Release|Any CPU.ActiveCfg = Release|Any CPU
		{78E77425-E3EE-4729-BBF0-CADAE9EE86C6}.Release|Any CPU.Build.0 = Release|Any CPU
	EndGlobalSection
	GlobalSection(SolutionProperties) = preSolution
		HideSolutionNode = FALSE
	EndGlobalSection
	GlobalSection(ExtensibilityGlobals) = postSolution
		SolutionGuid = {F6198D9C-667D-4180-B1EC-9A38E6DB6BC6}
	EndGlobalSection
EndGlobal
